
Microsoft Visual Studio Solution File, Format Version 12.00
# Visual Studio Version 17
VisualStudioVersion = 17.7.34031.279
MinimumVisualStudioVersion = 10.0.40219.1
Project("{9A19103F-16F7-4668-BE54-9A1E7A4F7556}") = "GlobalLoggingErrorHandling", "GlobalLoggingErrorHandling.csproj", "{D0F87DB3-75B3-4E77-B78A-61FF1E0A33CD}"
EndProject
Project("{FAE04EC0-301F-11D3-BF4B-00C04F79EFBC}") = "GlobalLogAPIMiddle", "..\GlobalLogAPIMiddle\GlobalLogAPIMiddle.csproj", "{8EAA655C-A300-4F0D-948F-4DDA126DDED2}"
EndProject
Global
	GlobalSection(SolutionConfigurationPlatforms) = preSolution
		Debug|Any CPU = Debug|Any CPU
		Release|Any CPU = Release|Any CPU
	EndGlobalSection
	GlobalSection(ProjectConfigurationPlatforms) = postSolution
		{D0F87DB3-75B3-4E77-B78A-61FF1E0A33CD}.Debug|Any CPU.ActiveCfg = Debug|Any CPU
		{D0F87DB3-75B3-4E77-B78A-61FF1E0A33CD}.Debug|Any CPU.Build.0 = Debug|Any CPU
		{D0F87DB3-75B3-4E77-B78A-61FF1E0A33CD}.Release|Any CPU.ActiveCfg = Release|Any CPU
		{D0F87DB3-75B3-4E77-B78A-61FF1E0A33CD}.Release|Any CPU.Build.0 = Release|Any CPU
		{8EAA655C-A300-4F0D-948F-4DDA126DDED2}.Debug|Any CPU.ActiveCfg = Debug|Any CPU
		{8EAA655C-A300-4F0D-948F-4DDA126DDED2}.Debug|Any CPU.Build.0 = Debug|Any CPU
		{8EAA655C-A300-4F0D-948F-4DDA126DDED2}.Release|Any CPU.ActiveCfg = Release|Any CPU
		{8EAA655C-A300-4F0D-948F-4DDA126DDED2}.Release|Any CPU.Build.0 = Release|Any CPU
	EndGlobalSection
	GlobalSection(SolutionProperties) = preSolution
		HideSolutionNode = FALSE
	EndGlobalSection
	GlobalSection(ExtensibilityGlobals) = postSolution
		SolutionGuid = {C0F4916F-EC1F-4DBD-A404-10A9D7557C53}
	EndGlobalSection
EndGlobal
